schema: '2.0'
stages:
  prepare:
    cmd: python src/prepare_data.py
    deps:
    - path: data/raw
      hash: md5
      md5: 1f2ebc0b6e0baa85382251d5f6da656e.dir
      size: 203656324
      nfiles: 95
    - path: src/prepare_data.py
      hash: md5
      md5: f04b5313227fe259a98dc9cbffd0fec5
      size: 3218
    outs:
    - path: data/processed
      hash: md5
      md5: fb5cc6db64c6acead2184b2fddbb4bbd.dir
      size: 203835552
      nfiles: 4
  train:
    cmd: python src/train_v3.py
    deps:
    - path: data/processed
      hash: md5
      md5: fb5cc6db64c6acead2184b2fddbb4bbd.dir
      size: 203835552
      nfiles: 4
    - path: src/train_v3.py
      hash: md5
      md5: d7af4c4e94a0795c3c104a24312f3ac6
      size: 7313
    outs:
    - path: models/banana_mobilenet.keras
      hash: md5
      md5: e8a5bebcb95b07752417c35b8ce3bb8c
      size: 11597114
